
Microsoft Visual Studio Solution File, Format Version 12.00
# Visual Studio Version 17
VisualStudioVersion = 17.8.34330.188
MinimumVisualStudioVersion = 10.0.40219.1
Project("{FAE04EC0-301F-11D3-BF4B-00C04F79EFBC}") = "Projekcik_zdarzonka", "Projekcik_zdarzonka.csproj", "{DE000141-2311-4875-A334-4B8D05FDABCA}"
EndProject
Global
	GlobalSection(SolutionConfigurationPlatforms) = preSolution
		Debug|Any CPU = Debug|Any CPU
		Release|Any CPU = Release|Any CPU
	EndGlobalSection
	GlobalSection(ProjectConfigurationPlatforms) = postSolution
		{DE000141-2311-4875-A334-4B8D05FDABCA}.Debug|Any CPU.ActiveCfg = Debug|Any CPU
		{DE000141-2311-4875-A334-4B8D05FDABCA}.Debug|Any CPU.Build.0 = Debug|Any CPU
		{DE000141-2311-4875-A334-4B8D05FDABCA}.Release|Any CPU.ActiveCfg = Release|Any CPU
		{DE000141-2311-4875-A334-4B8D05FDABCA}.Release|Any CPU.Build.0 = Release|Any CPU
	EndGlobalSection
	GlobalSection(SolutionProperties) = preSolution
		HideSolutionNode = FALSE
	EndGlobalSection
	GlobalSection(ExtensibilityGlobals) = postSolution
		SolutionGuid = {DB916B4C-CB5F-4190-8B92-5EB2BCC81916}
	EndGlobalSection
EndGlobal
